
Microsoft Visual Studio Solution File, Format Version 12.00
# Visual Studio Version 17
VisualStudioVersion = 17.5.2.0
MinimumVisualStudioVersion = 10.0.40219.1
Project("{FAE04EC0-301F-11D3-BF4B-00C04F79EFBC}") = "AudioBit.App", "AudioBit.App\AudioBit.App.csproj", "{548EC289-28AD-5473-2B24-017C1CD35CA2}"
EndProject
Project("{FAE04EC0-301F-11D3-BF4B-00C04F79EFBC}") = "AudioBit.Core", "AudioBit.Core\AudioBit.Core.csproj", "{C6C26519-7A1E-31AF-91AD-E06B0B352611}"
EndProject
Project("{FAE04EC0-301F-11D3-BF4B-00C04F79EFBC}") = "AudioBit.UI", "AudioBit.UI\AudioBit.UI.csproj", "{984AD098-8DA2-2A79-2AF6-9793A0AB8809}"
EndProject
Project("{FAE04EC0-301F-11D3-BF4B-00C04F79EFBC}") = "AudioBit.Installer", "AudioBit.Installer\AudioBit.Installer.csproj", "{9B7D9E59-69AF-47D7-924F-B209E5E2390A}"
EndProject
Global
	GlobalSection(SolutionConfigurationPlatforms) = preSolution
		Debug|Any CPU = Debug|Any CPU
		Debug|x64 = Debug|x64
		Debug|x86 = Debug|x86
		Release|Any CPU = Release|Any CPU
		Release|x64 = Release|x64
		Release|x86 = Release|x86
	EndGlobalSection
	GlobalSection(ProjectConfigurationPlatforms) = postSolution
		{548EC289-28AD-5473-2B24-017C1CD35CA2}.Debug|Any CPU.ActiveCfg = Debug|Any CPU
		{548EC289-28AD-5473-2B24-017C1CD35CA2}.Debug|Any CPU.Build.0 = Debug|Any CPU
		{548EC289-28AD-5473-2B24-017C1CD35CA2}.Debug|x64.ActiveCfg = Debug|Any CPU
		{548EC289-28AD-5473-2B24-017C1CD35CA2}.Debug|x64.Build.0 = Debug|Any CPU
		{548EC289-28AD-5473-2B24-017C1CD35CA2}.Debug|x86.ActiveCfg = Debug|Any CPU
		{548EC289-28AD-5473-2B24-017C1CD35CA2}.Debug|x86.Build.0 = Debug|Any CPU
		{548EC289-28AD-5473-2B24-017C1CD35CA2}.Release|Any CPU.ActiveCfg = Release|Any CPU
		{548EC289-28AD-5473-2B24-017C1CD35CA2}.Release|Any CPU.Build.0 = Release|Any CPU
		{548EC289-28AD-5473-2B24-017C1CD35CA2}.Release|x64.ActiveCfg = Release|Any CPU
		{548EC289-28AD-5473-2B24-017C1CD35CA2}.Release|x64.Build.0 = Release|Any CPU
		{548EC289-28AD-5473-2B24-017C1CD35CA2}.Release|x86.ActiveCfg = Release|Any CPU
		{548EC289-28AD-5473-2B24-017C1CD35CA2}.Release|x86.Build.0 = Release|Any CPU
		{C6C26519-7A1E-31AF-91AD-E06B0B352611}.Debug|Any CPU.ActiveCfg = Debug|Any CPU
		{C6C26519-7A1E-31AF-91AD-E06B0B352611}.Debug|Any CPU.Build.0 = Debug|Any CPU
		{C6C26519-7A1E-31AF-91AD-E06B0B352611}.Debug|x64.ActiveCfg = Debug|Any CPU
		{C6C26519-7A1E-31AF-91AD-E06B0B352611}.Debug|x64.Build.0 = Debug|Any CPU
		{C6C26519-7A1E-31AF-91AD-E06B0B352611}.Debug|x86.ActiveCfg = Debug|Any CPU
		{C6C26519-7A1E-31AF-91AD-E06B0B352611}.Debug|x86.Build.0 = Debug|Any CPU
		{C6C26519-7A1E-31AF-91AD-E06B0B352611}.Release|Any CPU.ActiveCfg = Release|Any CPU
		{C6C26519-7A1E-31AF-91AD-E06B0B352611}.Release|Any CPU.Build.0 = Release|Any CPU
		{C6C26519-7A1E-31AF-91AD-E06B0B352611}.Release|x64.ActiveCfg = Release|Any CPU
		{C6C26519-7A1E-31AF-91AD-E06B0B352611}.Release|x64.Build.0 = Release|Any CPU
		{C6C26519-7A1E-31AF-91AD-E06B0B352611}.Release|x86.ActiveCfg = Release|Any CPU
		{C6C26519-7A1E-31AF-91AD-E06B0B352611}.Release|x86.Build.0 = Release|Any CPU
		{984AD098-8DA2-2A79-2AF6-9793A0AB8809}.Debug|Any CPU.ActiveCfg = Debug|Any CPU
		{984AD098-8DA2-2A79-2AF6-9793A0AB8809}.Debug|Any CPU.Build.0 = Debug|Any CPU
		{984AD098-8DA2-2A79-2AF6-9793A0AB8809}.Debug|x64.ActiveCfg = Debug|Any CPU
		{984AD098-8DA2-2A79-2AF6-9793A0AB8809}.Debug|x64.Build.0 = Debug|Any CPU
		{984AD098-8DA2-2A79-2AF6-9793A0AB8809}.Debug|x86.ActiveCfg = Debug|Any CPU
		{984AD098-8DA2-2A79-2AF6-9793A0AB8809}.Debug|x86.Build.0 = Debug|Any CPU
		{984AD098-8DA2-2A79-2AF6-9793A0AB8809}.Release|Any CPU.ActiveCfg = Release|Any CPU
		{984AD098-8DA2-2A79-2AF6-9793A0AB8809}.Release|Any CPU.Build.0 = Release|Any CPU
		{984AD098-8DA2-2A79-2AF6-9793A0AB8809}.Release|x64.ActiveCfg = Release|Any CPU
		{984AD098-8DA2-2A79-2AF6-9793A0AB8809}.Release|x64.Build.0 = Release|Any CPU
		{984AD098-8DA2-2A79-2AF6-9793A0AB8809}.Release|x86.ActiveCfg = Release|Any CPU
		{984AD098-8DA2-2A79-2AF6-9793A0AB8809}.Release|x86.Build.0 = Release|Any CPU
		{9B7D9E59-69AF-47D7-924F-B209E5E2390A}.Debug|Any CPU.ActiveCfg = Debug|Any CPU
		{9B7D9E59-69AF-47D7-924F-B209E5E2390A}.Debug|Any CPU.Build.0 = Debug|Any CPU
		{9B7D9E59-69AF-47D7-924F-B209E5E2390A}.Debug|x64.ActiveCfg = Debug|Any CPU
		{9B7D9E59-69AF-47D7-924F-B209E5E2390A}.Debug|x64.Build.0 = Debug|Any CPU
		{9B7D9E59-69AF-47D7-924F-B209E5E2390A}.Debug|x86.ActiveCfg = Debug|Any CPU
		{9B7D9E59-69AF-47D7-924F-B209E5E2390A}.Debug|x86.Build.0 = Debug|Any CPU
		{9B7D9E59-69AF-47D7-924F-B209E5E2390A}.Release|Any CPU.ActiveCfg = Release|Any CPU
		{9B7D9E59-69AF-47D7-924F-B209E5E2390A}.Release|Any CPU.Build.0 = Release|Any CPU
		{9B7D9E59-69AF-47D7-924F-B209E5E2390A}.Release|x64.ActiveCfg = Release|Any CPU
		{9B7D9E59-69AF-47D7-924F-B209E5E2390A}.Release|x64.Build.0 = Release|Any CPU
		{9B7D9E59-69AF-47D7-924F-B209E5E2390A}.Release|x86.ActiveCfg = Release|Any CPU
		{9B7D9E59-69AF-47D7-924F-B209E5E2390A}.Release|x86.Build.0 = Release|Any CPU
	EndGlobalSection
	GlobalSection(SolutionProperties) = preSolution
		HideSolutionNode = FALSE
	EndGlobalSection
	GlobalSection(ExtensibilityGlobals) = postSolution
		SolutionGuid = {E5570F27-3533-479F-B6CE-55EB3D2A941F}
	EndGlobalSection
EndGlobal
